
Microsoft Visual Studio Solution File, Format Version 12.00
# Visual Studio 15
VisualStudioVersion = 15.0.27428.2037
MinimumVisualStudioVersion = 10.0.40219.1
Project("{FAE04EC0-301F-11D3-BF4B-00C04F79EFBC}") = "gamecrud", "gamecrud\gamecrud.csproj", "{2199C5B5-637E-466C-ACDE-A0863BCCCE0A}"
EndProject
Global
	GlobalSection(SolutionConfigurationPlatforms) = preSolution
		Debug|Any CPU = Debug|Any CPU
		Release|Any CPU = Release|Any CPU
	EndGlobalSection
	GlobalSection(ProjectConfigurationPlatforms) = postSolution
		{2199C5B5-637E-466C-ACDE-A0863BCCCE0A}.Debug|Any CPU.ActiveCfg = Debug|Any CPU
		{2199C5B5-637E-466C-ACDE-A0863BCCCE0A}.Debug|Any CPU.Build.0 = Debug|Any CPU
		{2199C5B5-637E-466C-ACDE-A0863BCCCE0A}.Release|Any CPU.ActiveCfg = Release|Any CPU
		{2199C5B5-637E-466C-ACDE-A0863BCCCE0A}.Release|Any CPU.Build.0 = Release|Any CPU
	EndGlobalSection
	GlobalSection(SolutionProperties) = preSolution
		HideSolutionNode = FALSE
	EndGlobalSection
	GlobalSection(ExtensibilityGlobals) = postSolution
		SolutionGuid = {D3BB3361-866A-4D9E-BE7B-EE2B44A03E79}
	EndGlobalSection
EndGlobal
